
Microsoft Visual Studio Solution File, Format Version 12.00
# Visual Studio Version 17
VisualStudioVersion = 17.0.31903.59
MinimumVisualStudioVersion = 10.0.40219.1
Project("{FAE04EC0-301F-11D3-BF4B-00C04F79EFBC}") = "CQRS.Core", "..\cqrs-es\CQRS.Core\CQRS.Core.csproj", "{A5F761AC-42E7-4208-B37C-EBBB4799C3FB}"
EndProject
Project("{2150E333-8FDC-42A3-9474-1A3956D46DE8}") = "Post.Cmd", "Post.Cmd", "{3470E7A9-9F81-48ED-A8D4-358A6C840084}"
EndProject
Project("{FAE04EC0-301F-11D3-BF4B-00C04F79EFBC}") = "Post.Cmd.Api", "Post.Cmd\Post.Cmd.Api\Post.Cmd.Api.csproj", "{26E55431-6140-4437-B226-83D12248EF99}"
EndProject
Project("{FAE04EC0-301F-11D3-BF4B-00C04F79EFBC}") = "Post.Cmd.Domain", "Post.Cmd\Post.Cmd.Domain\Post.Cmd.Domain.csproj", "{B9D0C245-4DFE-4EC1-AD4B-1CB7A4FF02AD}"
EndProject
Project("{FAE04EC0-301F-11D3-BF4B-00C04F79EFBC}") = "Post.Cmd.Infrastructure", "Post.Cmd\Post.Cmd.Infrastructure\Post.Cmd.Infrastructure.csproj", "{BC836127-D12A-4F36-8B4B-ADA704A1DD27}"
EndProject
Project("{2150E333-8FDC-42A3-9474-1A3956D46DE8}") = "Post.Query", "Post.Query", "{9F639049-A92C-4F0C-B877-8CA1ADC3E170}"
EndProject
Project("{FAE04EC0-301F-11D3-BF4B-00C04F79EFBC}") = "Post.Query.Api", "Post.Query\Post.Query.Api\Post.Query.Api.csproj", "{C07926AA-BF4B-4AB5-8955-51F199E6FF1B}"
EndProject
Project("{FAE04EC0-301F-11D3-BF4B-00C04F79EFBC}") = "Post.Query.Domain", "Post.Query\Post.Query.Domain\Post.Query.Domain.csproj", "{A9F5098B-CAE4-4DFA-A3F3-9B3E7020E701}"
EndProject
Project("{FAE04EC0-301F-11D3-BF4B-00C04F79EFBC}") = "Post.Query.Infrastructure", "Post.Query\Post.Query.Infrastructure\Post.Query.Infrastructure.csproj", "{25A25D69-9436-4394-9E0F-83191AA48AA0}"
EndProject
Project("{FAE04EC0-301F-11D3-BF4B-00C04F79EFBC}") = "Post.Common", "Post.Common\Post.Common.csproj", "{32394559-1A8A-406B-9A6C-FF0BF54E04D7}"
EndProject
Project("{2150E333-8FDC-42A3-9474-1A3956D46DE8}") = "Commons", "Commons", "{4075D2CE-8F0F-4380-B81A-475BA49BDA43}"
EndProject
Project("{FAE04EC0-301F-11D3-BF4B-00C04F79EFBC}") = "Post.Cmd.Application", "Post.Cmd\Post.Cmd.Application\Post.Cmd.Application.csproj", "{5FC1B0E3-2D3E-4A39-9716-97E9224FCB38}"
EndProject
Project("{FAE04EC0-301F-11D3-BF4B-00C04F79EFBC}") = "Post.Query.Application", "Post.Query\Post.Query.Application\Post.Query.Application.csproj", "{E3BCEDE1-523D-4027-8985-007DF1A6A08E}"
EndProject
Global
	GlobalSection(SolutionConfigurationPlatforms) = preSolution
		Debug|Any CPU = Debug|Any CPU
		Release|Any CPU = Release|Any CPU
	EndGlobalSection
	GlobalSection(SolutionProperties) = preSolution
		HideSolutionNode = FALSE
	EndGlobalSection
	GlobalSection(ProjectConfigurationPlatforms) = postSolution
		{A5F761AC-42E7-4208-B37C-EBBB4799C3FB}.Debug|Any CPU.ActiveCfg = Debug|Any CPU
		{A5F761AC-42E7-4208-B37C-EBBB4799C3FB}.Debug|Any CPU.Build.0 = Debug|Any CPU
		{A5F761AC-42E7-4208-B37C-EBBB4799C3FB}.Release|Any CPU.ActiveCfg = Release|Any CPU
		{A5F761AC-42E7-4208-B37C-EBBB4799C3FB}.Release|Any CPU.Build.0 = Release|Any CPU
		{26E55431-6140-4437-B226-83D12248EF99}.Debug|Any CPU.ActiveCfg = Debug|Any CPU
		{26E55431-6140-4437-B226-83D12248EF99}.Debug|Any CPU.Build.0 = Debug|Any CPU
		{26E55431-6140-4437-B226-83D12248EF99}.Release|Any CPU.ActiveCfg = Release|Any CPU
		{26E55431-6140-4437-B226-83D12248EF99}.Release|Any CPU.Build.0 = Release|Any CPU
		{B9D0C245-4DFE-4EC1-AD4B-1CB7A4FF02AD}.Debug|Any CPU.ActiveCfg = Debug|Any CPU
		{B9D0C245-4DFE-4EC1-AD4B-1CB7A4FF02AD}.Debug|Any CPU.Build.0 = Debug|Any CPU
		{B9D0C245-4DFE-4EC1-AD4B-1CB7A4FF02AD}.Release|Any CPU.ActiveCfg = Release|Any CPU
		{B9D0C245-4DFE-4EC1-AD4B-1CB7A4FF02AD}.Release|Any CPU.Build.0 = Release|Any CPU
		{BC836127-D12A-4F36-8B4B-ADA704A1DD27}.Debug|Any CPU.ActiveCfg = Debug|Any CPU
		{BC836127-D12A-4F36-8B4B-ADA704A1DD27}.Debug|Any CPU.Build.0 = Debug|Any CPU
		{BC836127-D12A-4F36-8B4B-ADA704A1DD27}.Release|Any CPU.ActiveCfg = Release|Any CPU
		{BC836127-D12A-4F36-8B4B-ADA704A1DD27}.Release|Any CPU.Build.0 = Release|Any CPU
		{C07926AA-BF4B-4AB5-8955-51F199E6FF1B}.Debug|Any CPU.ActiveCfg = Debug|Any CPU
		{C07926AA-BF4B-4AB5-8955-51F199E6FF1B}.Debug|Any CPU.Build.0 = Debug|Any CPU
		{C07926AA-BF4B-4AB5-8955-51F199E6FF1B}.Release|Any CPU.ActiveCfg = Release|Any CPU
		{C07926AA-BF4B-4AB5-8955-51F199E6FF1B}.Release|Any CPU.Build.0 = Release|Any CPU
		{A9F5098B-CAE4-4DFA-A3F3-9B3E7020E701}.Debug|Any CPU.ActiveCfg = Debug|Any CPU
		{A9F5098B-CAE4-4DFA-A3F3-9B3E7020E701}.Debug|Any CPU.Build.0 = Debug|Any CPU
		{A9F5098B-CAE4-4DFA-A3F3-9B3E7020E701}.Release|Any CPU.ActiveCfg = Release|Any CPU
		{A9F5098B-CAE4-4DFA-A3F3-9B3E7020E701}.Release|Any CPU.Build.0 = Release|Any CPU
		{25A25D69-9436-4394-9E0F-83191AA48AA0}.Debug|Any CPU.ActiveCfg = Debug|Any CPU
		{25A25D69-9436-4394-9E0F-83191AA48AA0}.Debug|Any CPU.Build.0 = Debug|Any CPU
		{25A25D69-9436-4394-9E0F-83191AA48AA0}.Release|Any CPU.ActiveCfg = Release|Any CPU
		{25A25D69-9436-4394-9E0F-83191AA48AA0}.Release|Any CPU.Build.0 = Release|Any CPU
		{32394559-1A8A-406B-9A6C-FF0BF54E04D7}.Debug|Any CPU.ActiveCfg = Debug|Any CPU
		{32394559-1A8A-406B-9A6C-FF0BF54E04D7}.Debug|Any CPU.Build.0 = Debug|Any CPU
		{32394559-1A8A-406B-9A6C-FF0BF54E04D7}.Release|Any CPU.ActiveCfg = Release|Any CPU
		{32394559-1A8A-406B-9A6C-FF0BF54E04D7}.Release|Any CPU.Build.0 = Release|Any CPU
		{5FC1B0E3-2D3E-4A39-9716-97E9224FCB38}.Debug|Any CPU.ActiveCfg = Debug|Any CPU
		{5FC1B0E3-2D3E-4A39-9716-97E9224FCB38}.Debug|Any CPU.Build.0 = Debug|Any CPU
		{5FC1B0E3-2D3E-4A39-9716-97E9224FCB38}.Release|Any CPU.ActiveCfg = Release|Any CPU
		{5FC1B0E3-2D3E-4A39-9716-97E9224FCB38}.Release|Any CPU.Build.0 = Release|Any CPU
		{E3BCEDE1-523D-4027-8985-007DF1A6A08E}.Debug|Any CPU.ActiveCfg = Debug|Any CPU
		{E3BCEDE1-523D-4027-8985-007DF1A6A08E}.Debug|Any CPU.Build.0 = Debug|Any CPU
		{E3BCEDE1-523D-4027-8985-007DF1A6A08E}.Release|Any CPU.ActiveCfg = Release|Any CPU
		{E3BCEDE1-523D-4027-8985-007DF1A6A08E}.Release|Any CPU.Build.0 = Release|Any CPU
	EndGlobalSection
	GlobalSection(NestedProjects) = preSolution
		{26E55431-6140-4437-B226-83D12248EF99} = {3470E7A9-9F81-48ED-A8D4-358A6C840084}
		{B9D0C245-4DFE-4EC1-AD4B-1CB7A4FF02AD} = {3470E7A9-9F81-48ED-A8D4-358A6C840084}
		{BC836127-D12A-4F36-8B4B-ADA704A1DD27} = {3470E7A9-9F81-48ED-A8D4-358A6C840084}
		{C07926AA-BF4B-4AB5-8955-51F199E6FF1B} = {9F639049-A92C-4F0C-B877-8CA1ADC3E170}
		{A9F5098B-CAE4-4DFA-A3F3-9B3E7020E701} = {9F639049-A92C-4F0C-B877-8CA1ADC3E170}
		{25A25D69-9436-4394-9E0F-83191AA48AA0} = {9F639049-A92C-4F0C-B877-8CA1ADC3E170}
		{A5F761AC-42E7-4208-B37C-EBBB4799C3FB} = {4075D2CE-8F0F-4380-B81A-475BA49BDA43}
		{32394559-1A8A-406B-9A6C-FF0BF54E04D7} = {4075D2CE-8F0F-4380-B81A-475BA49BDA43}
		{5FC1B0E3-2D3E-4A39-9716-97E9224FCB38} = {3470E7A9-9F81-48ED-A8D4-358A6C840084}
		{E3BCEDE1-523D-4027-8985-007DF1A6A08E} = {9F639049-A92C-4F0C-B877-8CA1ADC3E170}
	EndGlobalSection
EndGlobal
